{
  "projects": [
    {
      "projectId": "gmeH6XgPaBtkt51HunAo4g",
      "version": "18.28.0",
      "dependencies": {},
      "lang": "ts",
      "fileLocks": [
        {
          "assetId": "gmeH6XgPaBtkt51HunAo4g",
          "type": "projectCss",
          "checksum": "56a5d447501c0753e4cf451641894e78"
        },
        {
          "assetId": "gmeH6XgPaBtkt51HunAo4g",
          "checksum": "b257914c183ee7b8f06149f466106930",
          "type": "projectModule"
        },
        {
          "assetId": "gmeH6XgPaBtkt51HunAo4g",
          "checksum": "4b5f09b218e05c2944d99d725c0d2de2",
          "type": "styleTokensProvider"
        }
      ],
      "codegenVersion": "0.0.2"
    },
    {
      "projectId": "7WvC14QG9b5jXarkiBh2yY",
      "version": "latest",
      "dependencies": {
        "gmeH6XgPaBtkt51HunAo4g": "18.28.0",
        "ohDidvG9XsCeFumugENU3J": "6.35.0"
      },
      "lang": "ts",
      "fileLocks": [
        {
          "type": "globalVariant",
          "assetId": "-2nmR9_3KeJ3",
          "checksum": "bcafac34adacf84e3e7d516270c1e03a"
        },
        {
          "assetId": "7WvC14QG9b5jXarkiBh2yY",
          "checksum": "3ec1255287b1d75511797ce024e08200",
          "type": "projectModule"
        },
        {
          "assetId": "7WvC14QG9b5jXarkiBh2yY",
          "checksum": "f3b295637ea85dc79f876f104ff89e18",
          "type": "styleTokensProvider"
        },
        {
          "type": "renderModule",
          "assetId": "d98UepbzkHcI",
          "checksum": "bf5371a9774102a6edcafddc2aefc8af"
        },
        {
          "type": "cssRules",
          "assetId": "d98UepbzkHcI",
          "checksum": "bf5371a9774102a6edcafddc2aefc8af"
        },
        {
          "type": "renderModule",
          "assetId": "2RFJUesBV3VF",
          "checksum": "cc385ac3fafb387c263b6fd283951da8"
        },
        {
          "type": "cssRules",
          "assetId": "2RFJUesBV3VF",
          "checksum": "cc385ac3fafb387c263b6fd283951da8"
        },
        {
          "type": "renderModule",
          "assetId": "XeE2UeZFWwVr",
          "checksum": "d107452c6a1d1223b2116b8a57f539be"
        },
        {
          "type": "cssRules",
          "assetId": "XeE2UeZFWwVr",
          "checksum": "d107452c6a1d1223b2116b8a57f539be"
        },
        {
          "type": "renderModule",
          "assetId": "Fhh6u1WI2G9i",
          "checksum": "8e0e8d052719d626be7265df744c5fba"
        },
        {
          "type": "cssRules",
          "assetId": "Fhh6u1WI2G9i",
          "checksum": "8e0e8d052719d626be7265df744c5fba"
        },
        {
          "type": "renderModule",
          "assetId": "omSd4rWm42Ka",
          "checksum": "1386eba3bb61f2f196ced0bf09a00043"
        },
        {
          "type": "cssRules",
          "assetId": "omSd4rWm42Ka",
          "checksum": "1386eba3bb61f2f196ced0bf09a00043"
        },
        {
          "type": "renderModule",
          "assetId": "8s0Hs3vwzgcv",
          "checksum": "85aa84492aaded8012f5102e42250363"
        },
        {
          "type": "cssRules",
          "assetId": "8s0Hs3vwzgcv",
          "checksum": "85aa84492aaded8012f5102e42250363"
        },
        {
          "type": "renderModule",
          "assetId": "k8q3s-VwBO0i",
          "checksum": "c38d26b9607f8b459a28f8ce8a805d8f"
        },
        {
          "type": "cssRules",
          "assetId": "k8q3s-VwBO0i",
          "checksum": "c38d26b9607f8b459a28f8ce8a805d8f"
        },
        {
          "type": "renderModule",
          "assetId": "AxrUA-GaPp8F",
          "checksum": "75f876727efa391d18c2adfb210b2308"
        },
        {
          "type": "cssRules",
          "assetId": "AxrUA-GaPp8F",
          "checksum": "75f876727efa391d18c2adfb210b2308"
        },
        {
          "type": "renderModule",
          "assetId": "0lm5ubHxYbp_",
          "checksum": "cc6095e123da8d2a1fd47c5dd8799ab0"
        },
        {
          "type": "cssRules",
          "assetId": "0lm5ubHxYbp_",
          "checksum": "cc6095e123da8d2a1fd47c5dd8799ab0"
        },
        {
          "type": "renderModule",
          "assetId": "AHLWtbHHbn2R",
          "checksum": "c1a31d83722d994df2ddbc6560af3880"
        },
        {
          "type": "cssRules",
          "assetId": "AHLWtbHHbn2R",
          "checksum": "c1a31d83722d994df2ddbc6560af3880"
        },
        {
          "type": "renderModule",
          "assetId": "uN6JtswiqsYW",
          "checksum": "bbf30097104f5050252a979269975ca3"
        },
        {
          "type": "cssRules",
          "assetId": "uN6JtswiqsYW",
          "checksum": "bbf30097104f5050252a979269975ca3"
        },
        {
          "type": "renderModule",
          "assetId": "dm8P2fnSqnl1",
          "checksum": "57227c0d622fdee71321e5a09124a259"
        },
        {
          "type": "cssRules",
          "assetId": "dm8P2fnSqnl1",
          "checksum": "57227c0d622fdee71321e5a09124a259"
        },
        {
          "type": "renderModule",
          "assetId": "wIqff2spDMRl",
          "checksum": "1cf3a0fd54569332fba7fb7e84a790c5"
        },
        {
          "type": "cssRules",
          "assetId": "wIqff2spDMRl",
          "checksum": "1cf3a0fd54569332fba7fb7e84a790c5"
        },
        {
          "type": "renderModule",
          "assetId": "s3TM3cB53fwQ",
          "checksum": "807a6a5ca8fe026ef8ea4d268e07e9f9"
        },
        {
          "type": "cssRules",
          "assetId": "s3TM3cB53fwQ",
          "checksum": "807a6a5ca8fe026ef8ea4d268e07e9f9"
        },
        {
          "type": "renderModule",
          "assetId": "TjjevRS570P0",
          "checksum": "9f9e8d19ad122e9a982ad0e591dfe579"
        },
        {
          "type": "cssRules",
          "assetId": "TjjevRS570P0",
          "checksum": "9f9e8d19ad122e9a982ad0e591dfe579"
        },
        {
          "type": "renderModule",
          "assetId": "5EdiZs8JGIKI",
          "checksum": "520bc4fc1c158f1077880459c428b44e"
        },
        {
          "type": "cssRules",
          "assetId": "5EdiZs8JGIKI",
          "checksum": "520bc4fc1c158f1077880459c428b44e"
        },
        {
          "type": "renderModule",
          "assetId": "5O6nPL2eakEM",
          "checksum": "a7e338d5397dfd7ec1c1a5569e5725a7"
        },
        {
          "type": "cssRules",
          "assetId": "5O6nPL2eakEM",
          "checksum": "a7e338d5397dfd7ec1c1a5569e5725a7"
        },
        {
          "type": "renderModule",
          "assetId": "elJFY3bo5HD9",
          "checksum": "201da8349d718543078f1f8b8f310d3c"
        },
        {
          "type": "cssRules",
          "assetId": "elJFY3bo5HD9",
          "checksum": "201da8349d718543078f1f8b8f310d3c"
        },
        {
          "type": "renderModule",
          "assetId": "N85BHE1JruFS",
          "checksum": "16b65adbfa09f9b5ce3d258f3763f8cc"
        },
        {
          "type": "cssRules",
          "assetId": "N85BHE1JruFS",
          "checksum": "16b65adbfa09f9b5ce3d258f3763f8cc"
        },
        {
          "type": "renderModule",
          "assetId": "36wHKm4-HZyf",
          "checksum": "7ddd305b7fd22b28dad604f07c5b720a"
        },
        {
          "type": "cssRules",
          "assetId": "36wHKm4-HZyf",
          "checksum": "7ddd305b7fd22b28dad604f07c5b720a"
        },
        {
          "type": "renderModule",
          "assetId": "-K624mjsCdwd",
          "checksum": "d581044fbc93d4c36f07785585cfda33"
        },
        {
          "type": "cssRules",
          "assetId": "-K624mjsCdwd",
          "checksum": "d581044fbc93d4c36f07785585cfda33"
        },
        {
          "type": "icon",
          "assetId": "LPdfBYGz0FSO",
          "checksum": "587cca17c9ceb521b7c8b32783132c83"
        },
        {
          "type": "icon",
          "assetId": "bkw69jgaah02",
          "checksum": "7746325715b0e3023102b1ac465f0b19"
        },
        {
          "type": "icon",
          "assetId": "3DFQxdCHWfpb",
          "checksum": "a340240765366a2179b895bbc72f0979"
        },
        {
          "type": "icon",
          "assetId": "iR0TWb2fF60H",
          "checksum": "0b1bf6aecdf9bed93e3db13395c19ef2"
        },
        {
          "type": "icon",
          "assetId": "ZMoSd5dtyVZ7",
          "checksum": "afa56802cd0a8e84bbb20c217ce15c82"
        },
        {
          "type": "icon",
          "assetId": "OmzluHn6P6_M",
          "checksum": "c80f6a709e7377f46a4c2396e7856a15"
        },
        {
          "type": "icon",
          "assetId": "w2AEEyZLPBdy",
          "checksum": "3931689dfa427427bc81de0f85af5a86"
        },
        {
          "type": "image",
          "assetId": "DoVIJWINnkde",
          "checksum": "eefed1b882f65c1559777e7b1c290d22"
        },
        {
          "type": "image",
          "assetId": "PptRloFE0Snh",
          "checksum": "23f5cdc0b1bac4cea225b6d68f876858"
        },
        {
          "type": "image",
          "assetId": "2xDvSV5CFtPC",
          "checksum": "d995e9840dbba0a3ab07e1f4afff5a19"
        },
        {
          "type": "image",
          "assetId": "mzs1DwAoaKGD",
          "checksum": "8ea8eb763318be0cb704f06891ffabdb"
        },
        {
          "type": "image",
          "assetId": "TJ86QB9YjbAN",
          "checksum": "5bc9f9c01ce468c9c3ee52773e84da23"
        },
        {
          "type": "image",
          "assetId": "GQ7vKGIb79kw",
          "checksum": "7019ac9416a3adc8e7626d1df49e89ae"
        },
        {
          "type": "image",
          "assetId": "bA8ph_WgjfET",
          "checksum": "ff807c01821a11cd227fd472a9ca12a0"
        },
        {
          "type": "image",
          "assetId": "32JMWSZEBQgt",
          "checksum": "bdda6acff6bb8ff562b84b140c31c6e7"
        },
        {
          "type": "image",
          "assetId": "qQjpWQdNXeQz",
          "checksum": "cf67dba495ce2b42e132c3cb988be98a"
        },
        {
          "type": "image",
          "assetId": "x7bCaHT14Oq9",
          "checksum": "ad58d2247d6aed934389ad8fca4f88b0"
        },
        {
          "type": "image",
          "assetId": "0fhlRSqqKaC6",
          "checksum": "28f3f2210d7451c27ad37ae62a057109"
        },
        {
          "type": "image",
          "assetId": "Y2yc2d-OaWjF",
          "checksum": "ac518b915b6cdce6c5c7ebb619f5aa5d"
        },
        {
          "type": "image",
          "assetId": "jEGE3bqjRfFR",
          "checksum": "c96d05ca177abd5116867f992d5b3acd"
        },
        {
          "type": "image",
          "assetId": "11f1jgOXu7ug",
          "checksum": "8f71e61463c6bcf628b69fea6bf71780"
        },
        {
          "type": "image",
          "assetId": "Iv1KUX3NyPwM",
          "checksum": "0882e451386c9d5ed2353ca774c8e411"
        },
        {
          "type": "image",
          "assetId": "EtpbpVkw54sA",
          "checksum": "736cc4f3865577fba7fec0e7330fee71"
        },
        {
          "type": "image",
          "assetId": "o8XpQDrP0Ipk",
          "checksum": "bc9f85664761ab9c5802ad944d280f01"
        },
        {
          "type": "image",
          "assetId": "o6Z-a28j0Iky",
          "checksum": "d804089f36768494091653fc82d366d4"
        },
        {
          "type": "image",
          "assetId": "8EXSyA6Vwt8u",
          "checksum": "b09c57035c142378ac12072b88d93d2c"
        },
        {
          "type": "image",
          "assetId": "84nQ5PBASJjT",
          "checksum": "2e84efa2291dd0478ebf6be5f68f71be"
        },
        {
          "type": "image",
          "assetId": "8brKvM2UhJyy",
          "checksum": "a374b245e02f3232191b0dcc1a1151f4"
        },
        {
          "type": "image",
          "assetId": "An6V39LlJv9a",
          "checksum": "75bacc0daab8acd3a4d8cf1f9fa2244c"
        },
        {
          "type": "image",
          "assetId": "wz7anKzz2GU5",
          "checksum": "99cfc25c35e3ec73a193103e1f60c163"
        },
        {
          "type": "image",
          "assetId": "qwd7HNBeZ19c",
          "checksum": "ef584d740d81d6a4c0cbe5f7e5c06166"
        },
        {
          "type": "image",
          "assetId": "8823fwud8x0b",
          "checksum": "b77d81aaa9a9e3e1ac7027fe4936ac56"
        },
        {
          "type": "image",
          "assetId": "s2v2P0w-CfUy",
          "checksum": "4507c7e0e8bef705ee98281b6e8e92fe"
        },
        {
          "type": "image",
          "assetId": "c1FNPgLJoRGE",
          "checksum": "05685b410a1646227cd3c1b349b32c59"
        },
        {
          "type": "image",
          "assetId": "iw0_u3QYW7v_",
          "checksum": "84a42a06c3ff3f07e68fc81eb81bdcae"
        },
        {
          "type": "image",
          "assetId": "rwzthZOBcWsW",
          "checksum": "6359ba1c1cac82ce74162b4ac470adb5"
        },
        {
          "type": "image",
          "assetId": "hFVmm8aJ33XU",
          "checksum": "ce28e8dab291a4b712dd05aa73b29efc"
        },
        {
          "type": "image",
          "assetId": "GSG19LK-ZeUe",
          "checksum": "ce3255bc64bb12fd66a5844200bc6259"
        },
        {
          "type": "image",
          "assetId": "UjIe52v66M8m",
          "checksum": "1a4e7837b7baabacd9a67986ed44537d"
        },
        {
          "type": "image",
          "assetId": "ChNSq81DkZD3",
          "checksum": "f720a4f2276ac063009a1d6691b0b638"
        },
        {
          "type": "image",
          "assetId": "w-HueeIvqw9_",
          "checksum": "feb6d25de32baacc11c0fff6e51a4ff9"
        },
        {
          "type": "image",
          "assetId": "5TA6LPJUP9a6",
          "checksum": "00f1fcf5ef23a427f36a38b730f07553"
        },
        {
          "type": "image",
          "assetId": "H6M6Sfl4ytKu",
          "checksum": "4ec2298b0be79a7b44c9a17e8d75b866"
        },
        {
          "type": "image",
          "assetId": "dLXRKQXcwa4u",
          "checksum": "1a04f6d09f13e56fb9f92019ed3291cd"
        },
        {
          "type": "image",
          "assetId": "lSe3siehGLjm",
          "checksum": "ca28e938cafe8e7239c3b281e49f41a0"
        },
        {
          "type": "image",
          "assetId": "YTVoEpTHfzwW",
          "checksum": "f9b1ee362aa5a9b7cc5451e4dda98bf9"
        },
        {
          "type": "image",
          "assetId": "hIr9pS6uE43h",
          "checksum": "fb32a63b8c3f9f297c2d8ecc3c5b35c2"
        },
        {
          "type": "image",
          "assetId": "dRYACpv1fb_h",
          "checksum": "8ae65b1f7fde95d75b27cdf57e7c56fb"
        },
        {
          "type": "image",
          "assetId": "hX9wOuEX5ceu",
          "checksum": "e08d0a42e27748c288bcb7cbf2e286c3"
        },
        {
          "type": "image",
          "assetId": "FJVxjrWsOYgc",
          "checksum": "ab9ba5cf9e6b39c1363c3e9a3469cbd4"
        },
        {
          "type": "image",
          "assetId": "rcR7reePjVve",
          "checksum": "573cf3db8d871c60b951bfb7be4443db"
        },
        {
          "type": "image",
          "assetId": "wNtWZfEnbgZt",
          "checksum": "8312838d77e5fcb5e075585db346ab26"
        },
        {
          "type": "image",
          "assetId": "SFprp4qbgPj_",
          "checksum": "970789d74c2f1c06a0376277ffd18bac"
        },
        {
          "type": "image",
          "assetId": "4wWQd4NiitmT",
          "checksum": "921b4f12b0dd15e19663b725754d640f"
        },
        {
          "type": "image",
          "assetId": "joWBt3CrM3C6",
          "checksum": "ed36b6e7944cdf0898a2812c128a6b06"
        },
        {
          "type": "image",
          "assetId": "pz7bWk_DMTXj",
          "checksum": "0696d0028137d6d22c88730bd9cf6c5f"
        },
        {
          "type": "image",
          "assetId": "9NmP_syBcf1T",
          "checksum": "713a5969ca12604cc18cefb0660f52eb"
        },
        {
          "type": "image",
          "assetId": "jJ4PzQbaDE_i",
          "checksum": "e3a1c81cdba49fa0c28035295885fb9e"
        },
        {
          "type": "image",
          "assetId": "06Xhbm_d26c9",
          "checksum": "7de9865d0b444852755132c5cf5cad91"
        },
        {
          "type": "image",
          "assetId": "2604z8j3r7Co",
          "checksum": "27a3c2fe4e26b45da480da67fd626b5c"
        },
        {
          "type": "image",
          "assetId": "opsUCPuNPfMJ",
          "checksum": "7307b6f7c70215dde879403fd3cd631d"
        },
        {
          "type": "image",
          "assetId": "87PDQqXdulF7",
          "checksum": "8217c0968004e5ccd2d60d2440d70d12"
        },
        {
          "type": "image",
          "assetId": "ahBYm6RZVTG8",
          "checksum": "f0bcca11f74753b14b7d0aed867cbf39"
        },
        {
          "type": "image",
          "assetId": "csRrJ1C_RRkm",
          "checksum": "b9622eb7e0cd3fdccc309d0dbffe6418"
        },
        {
          "type": "image",
          "assetId": "43qFL3QexMiY",
          "checksum": "df40bc04de03d5897e5539eb9abfd920"
        },
        {
          "type": "image",
          "assetId": "x8rtB61Q2Aq-",
          "checksum": "fbff9c02483817767c387acf694d5b6f"
        },
        {
          "type": "image",
          "assetId": "p7zW06WNbDMv",
          "checksum": "a88d37a53afff878b7654102e834775c"
        },
        {
          "type": "image",
          "assetId": "ZTK76a9v58nN",
          "checksum": "42341b246a17f8f3e3b0e94fee188d7e"
        },
        {
          "type": "image",
          "assetId": "sqvIwIbpsqyZ",
          "checksum": "6f87040a7b549ab81363757a358c77da"
        },
        {
          "type": "image",
          "assetId": "ZPlo25mzC-Pb",
          "checksum": "eac0ffadee602c13c15935b15ce94d2f"
        },
        {
          "type": "image",
          "assetId": "l5aH9yeTidsw",
          "checksum": "ed10539d7f9f883d17be433285039984"
        },
        {
          "type": "image",
          "assetId": "xfNugIAQO-m4",
          "checksum": "eb63048bef797e02d7a9bb2616be8470"
        },
        {
          "type": "image",
          "assetId": "Cfwss0EdtIhM",
          "checksum": "4d74af164b86f3f5b32e2bd58dd33023"
        },
        {
          "type": "image",
          "assetId": "3CsAeUq8TJbb",
          "checksum": "3b73fa2f310b1eccb7ba027bc515380f"
        },
        {
          "type": "image",
          "assetId": "B1OYmJuyFtSN",
          "checksum": "eaa6d53343f0f02fdd77d4d3bd0207a4"
        },
        {
          "type": "image",
          "assetId": "HHZCvIeRWGDR",
          "checksum": "6015493ed2b7cd8f2a3f86b2587bed76"
        },
        {
          "type": "image",
          "assetId": "Zn5I3RrkxkTT",
          "checksum": "0ca21cd76df9448ddb19056be3a16dab"
        },
        {
          "type": "image",
          "assetId": "tkfJo6F1mMho",
          "checksum": "8e513976d81cc0eb7b4dd3b4d4b0a733"
        },
        {
          "type": "image",
          "assetId": "TOm58TCNItmW",
          "checksum": "11762eedf17215e36ad4404d81d5e0e1"
        },
        {
          "type": "image",
          "assetId": "WUpmLss0TQym",
          "checksum": "2fd0e260681c9c28b9bcde24fae3334d"
        },
        {
          "type": "image",
          "assetId": "a5C-PgrXiZjC",
          "checksum": "e319f170dcc1572f320b3f35c94b1a36"
        },
        {
          "type": "image",
          "assetId": "XXyXEzCqNYi6",
          "checksum": "503662fc69f9263fe5b39ea02f79857e"
        },
        {
          "type": "image",
          "assetId": "rICrvumjA_HZ",
          "checksum": "58087b69db6d02fb0bc5654d14cc6cae"
        },
        {
          "type": "image",
          "assetId": "14yt2QoA5E3k",
          "checksum": "7517c6d19332ff56924fe56463e1da98"
        },
        {
          "type": "renderModule",
          "assetId": "1PO-hqhnLxDk",
          "checksum": "c4af4720484332d721bbbdb2e2117831"
        },
        {
          "type": "cssRules",
          "assetId": "1PO-hqhnLxDk",
          "checksum": "c4af4720484332d721bbbdb2e2117831"
        },
        {
          "type": "renderModule",
          "assetId": "M2HdJEYFli90",
          "checksum": "82442979c3ee5a7aaf5a888d73cad936"
        },
        {
          "type": "cssRules",
          "assetId": "M2HdJEYFli90",
          "checksum": "82442979c3ee5a7aaf5a888d73cad936"
        },
        {
          "type": "renderModule",
          "assetId": "ppx8EZHvc7Bt",
          "checksum": "100aa9bec26401ef156b1bd32bdda6cf"
        },
        {
          "type": "cssRules",
          "assetId": "ppx8EZHvc7Bt",
          "checksum": "100aa9bec26401ef156b1bd32bdda6cf"
        },
        {
          "type": "image",
          "assetId": "nHl-C44xaIu4",
          "checksum": "9e46a54ccefe3b7689901c48e4dcbf9a"
        },
        {
          "type": "image",
          "assetId": "oTGdO8rjJYiD",
          "checksum": "489fac617126ff3aa733fa0b85677b6d"
        },
        {
          "type": "image",
          "assetId": "4kMn8V0oyqrq",
          "checksum": "850007a116085921d1ec3b35ffc446d7"
        },
        {
          "type": "image",
          "assetId": "n5O5LzJyEWor",
          "checksum": "0689cebb82dba219c7e809ae2f8b5b11"
        },
        {
          "type": "image",
          "assetId": "eWFNTp6Y2Nki",
          "checksum": "bcbaade7197d33bad348ea38f5feecc5"
        },
        {
          "type": "image",
          "assetId": "gfy5RawNdL_1",
          "checksum": "84abc66f83cb74bac9356c7860eceadf"
        },
        {
          "type": "image",
          "assetId": "fNbsMF4ANzVE",
          "checksum": "4d18c80fa9549498413abdf23510160b"
        },
        {
          "type": "image",
          "assetId": "43MJWe8kBOom",
          "checksum": "96c4d4ae111cec6ef7318222ab329d00"
        },
        {
          "type": "image",
          "assetId": "guvh3lkRiPqM",
          "checksum": "ec1e7157a7c11d2d4b21c9e36233c7bf"
        },
        {
          "type": "image",
          "assetId": "vkL7mMqSqEa8",
          "checksum": "7bb7df91dfa0ed57eb5e7b19c8d14936"
        },
        {
          "type": "image",
          "assetId": "GPiop-1azbXI",
          "checksum": "a4cfc2ed4105350f49b1fe9d79470ecd"
        },
        {
          "type": "image",
          "assetId": "2MKjWURr4g19",
          "checksum": "14110cb9b7bbc8322104c2346b953049"
        },
        {
          "type": "image",
          "assetId": "W_oOmcdh58sF",
          "checksum": "7b542b21540f8c4c7b8666cf6596bba0"
        },
        {
          "type": "image",
          "assetId": "clMaA_KfIzHU",
          "checksum": "55abba3cab6db2daa7a88f033a6c6f0a"
        },
        {
          "type": "image",
          "assetId": "9vMTZJPnXJMz",
          "checksum": "de8f6933425f664bd5070b77c46ccc63"
        },
        {
          "type": "image",
          "assetId": "SsnBKS-FvnWi",
          "checksum": "46169df6ca420e3b2f0b87daa2b76bfb"
        },
        {
          "type": "image",
          "assetId": "jAbDgo-AL-1g",
          "checksum": "72d6bedb3fea04172b20ee677210e4b6"
        },
        {
          "type": "image",
          "assetId": "2RtS3M_UVUWg",
          "checksum": "a06c69e7393fcc223baf37b572d57120"
        },
        {
          "type": "renderModule",
          "assetId": "c4Zno2TVCEGN",
          "checksum": "07c2de9912c4c5857cd524a37fa62cdd"
        },
        {
          "type": "cssRules",
          "assetId": "c4Zno2TVCEGN",
          "checksum": "07c2de9912c4c5857cd524a37fa62cdd"
        },
        {
          "type": "renderModule",
          "assetId": "vMWx-j3zBDqn",
          "checksum": "b58bf3b10399efdc2f1b0e114d8f87f6"
        },
        {
          "type": "cssRules",
          "assetId": "vMWx-j3zBDqn",
          "checksum": "b58bf3b10399efdc2f1b0e114d8f87f6"
        },
        {
          "type": "renderModule",
          "assetId": "pMdZFDiRoiNl",
          "checksum": "615a62af9023be0a42598deae65e35c6"
        },
        {
          "type": "cssRules",
          "assetId": "pMdZFDiRoiNl",
          "checksum": "615a62af9023be0a42598deae65e35c6"
        },
        {
          "type": "renderModule",
          "assetId": "w_DAzjAsMVHz",
          "checksum": "9925dfe22ab86d70c9ca0fe884920022"
        },
        {
          "type": "cssRules",
          "assetId": "w_DAzjAsMVHz",
          "checksum": "9925dfe22ab86d70c9ca0fe884920022"
        },
        {
          "type": "renderModule",
          "assetId": "hYHCVxAKLCEX",
          "checksum": "a24308cfe2a8e9a34ca2315ab301ca53"
        },
        {
          "type": "cssRules",
          "assetId": "hYHCVxAKLCEX",
          "checksum": "a24308cfe2a8e9a34ca2315ab301ca53"
        },
        {
          "assetId": "7WvC14QG9b5jXarkiBh2yY",
          "checksum": "df228c48113005f6f1b55c3959cc79f3",
          "type": "globalContexts"
        },
        {
          "type": "renderModule",
          "assetId": "fWR9UF4hHhGj",
          "checksum": "bb631c26225fc35ec7ae972b5713dffb"
        },
        {
          "type": "cssRules",
          "assetId": "fWR9UF4hHhGj",
          "checksum": "bb631c26225fc35ec7ae972b5713dffb"
        },
        {
          "type": "renderModule",
          "assetId": "JILRAOi2j9ok",
          "checksum": "01924fa8ef66fb95e739041b686ff7ee"
        },
        {
          "type": "cssRules",
          "assetId": "JILRAOi2j9ok",
          "checksum": "01924fa8ef66fb95e739041b686ff7ee"
        },
        {
          "type": "renderModule",
          "assetId": "XaRQSNFuDeGU",
          "checksum": "27180751c0fa9faca325f7821e08ac13"
        },
        {
          "type": "cssRules",
          "assetId": "XaRQSNFuDeGU",
          "checksum": "27180751c0fa9faca325f7821e08ac13"
        },
        {
          "type": "renderModule",
          "assetId": "QwShmI9xWLXM",
          "checksum": "7cfa0f95061c41cd9730ab801cd38bc5"
        },
        {
          "type": "cssRules",
          "assetId": "QwShmI9xWLXM",
          "checksum": "7cfa0f95061c41cd9730ab801cd38bc5"
        },
        {
          "type": "renderModule",
          "assetId": "Yh00axG1xzsR",
          "checksum": "f3346f31c7dad6051128ade00fdf6124"
        },
        {
          "type": "cssRules",
          "assetId": "Yh00axG1xzsR",
          "checksum": "f3346f31c7dad6051128ade00fdf6124"
        },
        {
          "type": "icon",
          "assetId": "4cQx4pt93Oe5",
          "checksum": "11bdee025a30509941e28943919174e8"
        },
        {
          "type": "icon",
          "assetId": "uMEgRpyHPuKq",
          "checksum": "b8ff171ab88d29af3a29478c13111c6d"
        },
        {
          "type": "icon",
          "assetId": "UwQOuHLpF5yf",
          "checksum": "c6020068cbf7b57ddd42d016d12447b4"
        },
        {
          "type": "icon",
          "assetId": "zzJGgbOt5IsP",
          "checksum": "1797956b0fcbd1c888ea93cc1348973f"
        },
        {
          "type": "icon",
          "assetId": "kaF7Ytbq5Rdn",
          "checksum": "0eee332bc1b45ad0630008ac39f089a3"
        },
        {
          "type": "icon",
          "assetId": "k-ShCOXXiZX0",
          "checksum": "ec0d910242cb939c576bcf752cb871be"
        },
        {
          "type": "image",
          "assetId": "WpgoC_7iMAUY",
          "checksum": "78b6d00613ee007e6d72f7df2e10f83f"
        },
        {
          "type": "image",
          "assetId": "UIlBFp5mu35P",
          "checksum": "80b8fe622217a4f5ce68be4b2899d0b9"
        },
        {
          "type": "image",
          "assetId": "p_Bs46cNzzLk",
          "checksum": "2717007676a57e48907c1281f5111e02"
        },
        {
          "type": "image",
          "assetId": "rpnE65YxxYOa",
          "checksum": "aa1d9a4db6107e3cee1324a9b35f1e06"
        },
        {
          "type": "image",
          "assetId": "Em-27mkf3G7g",
          "checksum": "3b796b8384a3074235a24f3837c7475a"
        },
        {
          "type": "image",
          "assetId": "x08u--D7rVMQ",
          "checksum": "87b4521d840dbf2221a9d0f3c7f0b822"
        },
        {
          "type": "image",
          "assetId": "ger6MLyw91Gh",
          "checksum": "16e0e777c6e88084d81ab292801161ad"
        },
        {
          "type": "image",
          "assetId": "mV3bha8Mb_r_",
          "checksum": "6cebc6653715142cb83d6418e7f273a1"
        },
        {
          "type": "image",
          "assetId": "xyQkruQAoPcm",
          "checksum": "6d9de395e7f461adc43bb7862e6c2df8"
        },
        {
          "type": "image",
          "assetId": "LbWMRf77Pjku",
          "checksum": "0883654734066dc75bb35a0420c6ee14"
        },
        {
          "assetId": "7WvC14QG9b5jXarkiBh2yY",
          "type": "projectCss",
          "checksum": "bfa4537695ff642ba3fe94a1fe08839e"
        }
      ],
      "codegenVersion": "0.0.2"
    },
    {
      "projectId": "ohDidvG9XsCeFumugENU3J",
      "version": "6.35.0",
      "dependencies": {},
      "lang": "ts",
      "fileLocks": [
        {
          "assetId": "ohDidvG9XsCeFumugENU3J",
          "type": "projectCss",
          "checksum": "c33cca495b4f537180cbc434c3f872b9"
        },
        {
          "assetId": "ohDidvG9XsCeFumugENU3J",
          "checksum": "f35a7050af9ad27b5adac4d101d88037",
          "type": "globalContexts"
        },
        {
          "assetId": "ohDidvG9XsCeFumugENU3J",
          "checksum": "c425737058d1ac29382a23e54666cb69",
          "type": "projectModule"
        },
        {
          "assetId": "ohDidvG9XsCeFumugENU3J",
          "checksum": "39f2bd024eac89b20b4a8ed8ef628efd",
          "type": "styleTokensProvider"
        }
      ],
      "codegenVersion": "0.0.2"
    }
  ],
  "cliVersion": "0.1.348"
}
