{
  "projects": [
    {
      "projectId": "gmeH6XgPaBtkt51HunAo4g",
      "version": "18.28.0",
      "dependencies": {},
      "lang": "ts",
      "fileLocks": [
        {
          "assetId": "gmeH6XgPaBtkt51HunAo4g",
          "type": "projectCss",
          "checksum": "56a5d447501c0753e4cf451641894e78"
        },
        {
          "assetId": "gmeH6XgPaBtkt51HunAo4g",
          "checksum": "b257914c183ee7b8f06149f466106930",
          "type": "projectModule"
        },
        {
          "assetId": "gmeH6XgPaBtkt51HunAo4g",
          "checksum": "4b5f09b218e05c2944d99d725c0d2de2",
          "type": "styleTokensProvider"
        }
      ],
      "codegenVersion": "0.0.2"
    },
    {
      "projectId": "7WvC14QG9b5jXarkiBh2yY",
      "version": "latest",
      "dependencies": {
        "gmeH6XgPaBtkt51HunAo4g": "18.28.0"
      },
      "lang": "ts",
      "fileLocks": [
        {
          "type": "globalVariant",
          "assetId": "-2nmR9_3KeJ3",
          "checksum": "bcafac34adacf84e3e7d516270c1e03a"
        },
        {
          "assetId": "7WvC14QG9b5jXarkiBh2yY",
          "type": "projectCss",
          "checksum": "22c9e98d685692ff57421cfdf9816287"
        },
        {
          "assetId": "7WvC14QG9b5jXarkiBh2yY",
          "checksum": "3ec1255287b1d75511797ce024e08200",
          "type": "projectModule"
        },
        {
          "assetId": "7WvC14QG9b5jXarkiBh2yY",
          "checksum": "0a3063ebd8b3dc6248c1c53ae0a7528f",
          "type": "styleTokensProvider"
        },
        {
          "type": "renderModule",
          "assetId": "d98UepbzkHcI",
          "checksum": "c2b0c830423029e22469e5903f395800"
        },
        {
          "type": "cssRules",
          "assetId": "d98UepbzkHcI",
          "checksum": "c2b0c830423029e22469e5903f395800"
        },
        {
          "type": "renderModule",
          "assetId": "2RFJUesBV3VF",
          "checksum": "1ca27208b4a56548ba97542ed6e6d47a"
        },
        {
          "type": "cssRules",
          "assetId": "2RFJUesBV3VF",
          "checksum": "1ca27208b4a56548ba97542ed6e6d47a"
        },
        {
          "type": "renderModule",
          "assetId": "XeE2UeZFWwVr",
          "checksum": "d107452c6a1d1223b2116b8a57f539be"
        },
        {
          "type": "cssRules",
          "assetId": "XeE2UeZFWwVr",
          "checksum": "d107452c6a1d1223b2116b8a57f539be"
        },
        {
          "type": "renderModule",
          "assetId": "Fhh6u1WI2G9i",
          "checksum": "4aa3ecf48f6f8b6230e6a2a19adb7bf9"
        },
        {
          "type": "cssRules",
          "assetId": "Fhh6u1WI2G9i",
          "checksum": "4aa3ecf48f6f8b6230e6a2a19adb7bf9"
        },
        {
          "type": "renderModule",
          "assetId": "omSd4rWm42Ka",
          "checksum": "1386eba3bb61f2f196ced0bf09a00043"
        },
        {
          "type": "cssRules",
          "assetId": "omSd4rWm42Ka",
          "checksum": "1386eba3bb61f2f196ced0bf09a00043"
        },
        {
          "type": "renderModule",
          "assetId": "8s0Hs3vwzgcv",
          "checksum": "85aa84492aaded8012f5102e42250363"
        },
        {
          "type": "cssRules",
          "assetId": "8s0Hs3vwzgcv",
          "checksum": "85aa84492aaded8012f5102e42250363"
        },
        {
          "type": "renderModule",
          "assetId": "k8q3s-VwBO0i",
          "checksum": "d3184b024fc1b27e0c2bfdd7cdab1379"
        },
        {
          "type": "cssRules",
          "assetId": "k8q3s-VwBO0i",
          "checksum": "d3184b024fc1b27e0c2bfdd7cdab1379"
        },
        {
          "type": "renderModule",
          "assetId": "AxrUA-GaPp8F",
          "checksum": "abc8e0493ba1a51bba04860149d1fcae"
        },
        {
          "type": "cssRules",
          "assetId": "AxrUA-GaPp8F",
          "checksum": "abc8e0493ba1a51bba04860149d1fcae"
        },
        {
          "type": "renderModule",
          "assetId": "0lm5ubHxYbp_",
          "checksum": "83c38c0b1f381e2c05aed5c51198b3c9"
        },
        {
          "type": "cssRules",
          "assetId": "0lm5ubHxYbp_",
          "checksum": "83c38c0b1f381e2c05aed5c51198b3c9"
        },
        {
          "type": "renderModule",
          "assetId": "AHLWtbHHbn2R",
          "checksum": "2633948f17cf4e1ab75dcda70282e878"
        },
        {
          "type": "cssRules",
          "assetId": "AHLWtbHHbn2R",
          "checksum": "2633948f17cf4e1ab75dcda70282e878"
        },
        {
          "type": "renderModule",
          "assetId": "uN6JtswiqsYW",
          "checksum": "bbf30097104f5050252a979269975ca3"
        },
        {
          "type": "cssRules",
          "assetId": "uN6JtswiqsYW",
          "checksum": "bbf30097104f5050252a979269975ca3"
        },
        {
          "type": "renderModule",
          "assetId": "dm8P2fnSqnl1",
          "checksum": "3b3733b83c158aa41ec43d02c578ad1a"
        },
        {
          "type": "cssRules",
          "assetId": "dm8P2fnSqnl1",
          "checksum": "3b3733b83c158aa41ec43d02c578ad1a"
        },
        {
          "type": "renderModule",
          "assetId": "wIqff2spDMRl",
          "checksum": "b0cabf58455878be020ed9ca882c2e45"
        },
        {
          "type": "cssRules",
          "assetId": "wIqff2spDMRl",
          "checksum": "b0cabf58455878be020ed9ca882c2e45"
        },
        {
          "type": "renderModule",
          "assetId": "s3TM3cB53fwQ",
          "checksum": "a0425c9266ef2320071f0e21f83f81eb"
        },
        {
          "type": "cssRules",
          "assetId": "s3TM3cB53fwQ",
          "checksum": "a0425c9266ef2320071f0e21f83f81eb"
        },
        {
          "type": "renderModule",
          "assetId": "TjjevRS570P0",
          "checksum": "9f9e8d19ad122e9a982ad0e591dfe579"
        },
        {
          "type": "cssRules",
          "assetId": "TjjevRS570P0",
          "checksum": "9f9e8d19ad122e9a982ad0e591dfe579"
        },
        {
          "type": "renderModule",
          "assetId": "5EdiZs8JGIKI",
          "checksum": "ea8ba37590ab22205cdc42a60c29194a"
        },
        {
          "type": "cssRules",
          "assetId": "5EdiZs8JGIKI",
          "checksum": "ea8ba37590ab22205cdc42a60c29194a"
        },
        {
          "type": "renderModule",
          "assetId": "5O6nPL2eakEM",
          "checksum": "d1673dcde03e88432edf1acdcb472811"
        },
        {
          "type": "cssRules",
          "assetId": "5O6nPL2eakEM",
          "checksum": "d1673dcde03e88432edf1acdcb472811"
        },
        {
          "type": "renderModule",
          "assetId": "elJFY3bo5HD9",
          "checksum": "44a24ae1e1d5d315b7d6e666d2bd57c4"
        },
        {
          "type": "cssRules",
          "assetId": "elJFY3bo5HD9",
          "checksum": "44a24ae1e1d5d315b7d6e666d2bd57c4"
        },
        {
          "type": "renderModule",
          "assetId": "N85BHE1JruFS",
          "checksum": "16b65adbfa09f9b5ce3d258f3763f8cc"
        },
        {
          "type": "cssRules",
          "assetId": "N85BHE1JruFS",
          "checksum": "16b65adbfa09f9b5ce3d258f3763f8cc"
        },
        {
          "type": "renderModule",
          "assetId": "36wHKm4-HZyf",
          "checksum": "7ddd305b7fd22b28dad604f07c5b720a"
        },
        {
          "type": "cssRules",
          "assetId": "36wHKm4-HZyf",
          "checksum": "7ddd305b7fd22b28dad604f07c5b720a"
        },
        {
          "type": "renderModule",
          "assetId": "-K624mjsCdwd",
          "checksum": "af878ef63768e9a566def56b0c3b73ea"
        },
        {
          "type": "cssRules",
          "assetId": "-K624mjsCdwd",
          "checksum": "af878ef63768e9a566def56b0c3b73ea"
        },
        {
          "type": "icon",
          "assetId": "LPdfBYGz0FSO",
          "checksum": "587cca17c9ceb521b7c8b32783132c83"
        },
        {
          "type": "icon",
          "assetId": "bkw69jgaah02",
          "checksum": "7746325715b0e3023102b1ac465f0b19"
        },
        {
          "type": "icon",
          "assetId": "3DFQxdCHWfpb",
          "checksum": "a340240765366a2179b895bbc72f0979"
        },
        {
          "type": "icon",
          "assetId": "iR0TWb2fF60H",
          "checksum": "0b1bf6aecdf9bed93e3db13395c19ef2"
        },
        {
          "type": "icon",
          "assetId": "ZMoSd5dtyVZ7",
          "checksum": "afa56802cd0a8e84bbb20c217ce15c82"
        },
        {
          "type": "icon",
          "assetId": "OmzluHn6P6_M",
          "checksum": "c80f6a709e7377f46a4c2396e7856a15"
        },
        {
          "type": "icon",
          "assetId": "w2AEEyZLPBdy",
          "checksum": "3931689dfa427427bc81de0f85af5a86"
        },
        {
          "type": "image",
          "assetId": "DoVIJWINnkde",
          "checksum": "eefed1b882f65c1559777e7b1c290d22"
        },
        {
          "type": "image",
          "assetId": "PptRloFE0Snh",
          "checksum": "23f5cdc0b1bac4cea225b6d68f876858"
        },
        {
          "type": "image",
          "assetId": "2xDvSV5CFtPC",
          "checksum": "d995e9840dbba0a3ab07e1f4afff5a19"
        },
        {
          "type": "image",
          "assetId": "mzs1DwAoaKGD",
          "checksum": "8ea8eb763318be0cb704f06891ffabdb"
        },
        {
          "type": "image",
          "assetId": "TJ86QB9YjbAN",
          "checksum": "5bc9f9c01ce468c9c3ee52773e84da23"
        },
        {
          "type": "image",
          "assetId": "GQ7vKGIb79kw",
          "checksum": "7019ac9416a3adc8e7626d1df49e89ae"
        },
        {
          "type": "image",
          "assetId": "bA8ph_WgjfET",
          "checksum": "ff807c01821a11cd227fd472a9ca12a0"
        },
        {
          "type": "image",
          "assetId": "32JMWSZEBQgt",
          "checksum": "bdda6acff6bb8ff562b84b140c31c6e7"
        },
        {
          "type": "image",
          "assetId": "qQjpWQdNXeQz",
          "checksum": "cf67dba495ce2b42e132c3cb988be98a"
        },
        {
          "type": "image",
          "assetId": "x7bCaHT14Oq9",
          "checksum": "ad58d2247d6aed934389ad8fca4f88b0"
        },
        {
          "type": "image",
          "assetId": "0fhlRSqqKaC6",
          "checksum": "28f3f2210d7451c27ad37ae62a057109"
        },
        {
          "type": "image",
          "assetId": "Y2yc2d-OaWjF",
          "checksum": "ac518b915b6cdce6c5c7ebb619f5aa5d"
        },
        {
          "type": "image",
          "assetId": "jEGE3bqjRfFR",
          "checksum": "c96d05ca177abd5116867f992d5b3acd"
        },
        {
          "type": "image",
          "assetId": "11f1jgOXu7ug",
          "checksum": "8f71e61463c6bcf628b69fea6bf71780"
        },
        {
          "type": "image",
          "assetId": "Iv1KUX3NyPwM",
          "checksum": "0882e451386c9d5ed2353ca774c8e411"
        },
        {
          "type": "image",
          "assetId": "EtpbpVkw54sA",
          "checksum": "736cc4f3865577fba7fec0e7330fee71"
        },
        {
          "type": "image",
          "assetId": "o8XpQDrP0Ipk",
          "checksum": "bc9f85664761ab9c5802ad944d280f01"
        },
        {
          "type": "image",
          "assetId": "o6Z-a28j0Iky",
          "checksum": "d804089f36768494091653fc82d366d4"
        },
        {
          "type": "image",
          "assetId": "8EXSyA6Vwt8u",
          "checksum": "b09c57035c142378ac12072b88d93d2c"
        },
        {
          "type": "image",
          "assetId": "84nQ5PBASJjT",
          "checksum": "2e84efa2291dd0478ebf6be5f68f71be"
        },
        {
          "type": "image",
          "assetId": "8brKvM2UhJyy",
          "checksum": "a374b245e02f3232191b0dcc1a1151f4"
        },
        {
          "type": "image",
          "assetId": "An6V39LlJv9a",
          "checksum": "75bacc0daab8acd3a4d8cf1f9fa2244c"
        },
        {
          "type": "image",
          "assetId": "wz7anKzz2GU5",
          "checksum": "99cfc25c35e3ec73a193103e1f60c163"
        },
        {
          "type": "image",
          "assetId": "qwd7HNBeZ19c",
          "checksum": "ef584d740d81d6a4c0cbe5f7e5c06166"
        },
        {
          "type": "image",
          "assetId": "8823fwud8x0b",
          "checksum": "b77d81aaa9a9e3e1ac7027fe4936ac56"
        },
        {
          "type": "image",
          "assetId": "s2v2P0w-CfUy",
          "checksum": "4507c7e0e8bef705ee98281b6e8e92fe"
        },
        {
          "type": "image",
          "assetId": "c1FNPgLJoRGE",
          "checksum": "05685b410a1646227cd3c1b349b32c59"
        },
        {
          "type": "image",
          "assetId": "iw0_u3QYW7v_",
          "checksum": "84a42a06c3ff3f07e68fc81eb81bdcae"
        },
        {
          "type": "image",
          "assetId": "rwzthZOBcWsW",
          "checksum": "6359ba1c1cac82ce74162b4ac470adb5"
        },
        {
          "type": "image",
          "assetId": "hFVmm8aJ33XU",
          "checksum": "ce28e8dab291a4b712dd05aa73b29efc"
        },
        {
          "type": "image",
          "assetId": "GSG19LK-ZeUe",
          "checksum": "ce3255bc64bb12fd66a5844200bc6259"
        },
        {
          "type": "image",
          "assetId": "UjIe52v66M8m",
          "checksum": "1a4e7837b7baabacd9a67986ed44537d"
        },
        {
          "type": "image",
          "assetId": "ChNSq81DkZD3",
          "checksum": "f720a4f2276ac063009a1d6691b0b638"
        },
        {
          "type": "image",
          "assetId": "w-HueeIvqw9_",
          "checksum": "feb6d25de32baacc11c0fff6e51a4ff9"
        },
        {
          "type": "image",
          "assetId": "5TA6LPJUP9a6",
          "checksum": "00f1fcf5ef23a427f36a38b730f07553"
        },
        {
          "type": "image",
          "assetId": "H6M6Sfl4ytKu",
          "checksum": "4ec2298b0be79a7b44c9a17e8d75b866"
        },
        {
          "type": "image",
          "assetId": "dLXRKQXcwa4u",
          "checksum": "1a04f6d09f13e56fb9f92019ed3291cd"
        },
        {
          "type": "image",
          "assetId": "lSe3siehGLjm",
          "checksum": "ca28e938cafe8e7239c3b281e49f41a0"
        },
        {
          "type": "image",
          "assetId": "YTVoEpTHfzwW",
          "checksum": "f9b1ee362aa5a9b7cc5451e4dda98bf9"
        },
        {
          "type": "image",
          "assetId": "hIr9pS6uE43h",
          "checksum": "fb32a63b8c3f9f297c2d8ecc3c5b35c2"
        },
        {
          "type": "image",
          "assetId": "dRYACpv1fb_h",
          "checksum": "8ae65b1f7fde95d75b27cdf57e7c56fb"
        },
        {
          "type": "image",
          "assetId": "hX9wOuEX5ceu",
          "checksum": "e08d0a42e27748c288bcb7cbf2e286c3"
        },
        {
          "type": "image",
          "assetId": "FJVxjrWsOYgc",
          "checksum": "ab9ba5cf9e6b39c1363c3e9a3469cbd4"
        },
        {
          "type": "image",
          "assetId": "rcR7reePjVve",
          "checksum": "573cf3db8d871c60b951bfb7be4443db"
        },
        {
          "type": "image",
          "assetId": "wNtWZfEnbgZt",
          "checksum": "8312838d77e5fcb5e075585db346ab26"
        },
        {
          "type": "image",
          "assetId": "SFprp4qbgPj_",
          "checksum": "970789d74c2f1c06a0376277ffd18bac"
        },
        {
          "type": "image",
          "assetId": "4wWQd4NiitmT",
          "checksum": "921b4f12b0dd15e19663b725754d640f"
        },
        {
          "type": "image",
          "assetId": "joWBt3CrM3C6",
          "checksum": "ed36b6e7944cdf0898a2812c128a6b06"
        },
        {
          "type": "image",
          "assetId": "pz7bWk_DMTXj",
          "checksum": "0696d0028137d6d22c88730bd9cf6c5f"
        },
        {
          "type": "image",
          "assetId": "9NmP_syBcf1T",
          "checksum": "713a5969ca12604cc18cefb0660f52eb"
        },
        {
          "type": "image",
          "assetId": "jJ4PzQbaDE_i",
          "checksum": "e3a1c81cdba49fa0c28035295885fb9e"
        },
        {
          "type": "image",
          "assetId": "06Xhbm_d26c9",
          "checksum": "7de9865d0b444852755132c5cf5cad91"
        },
        {
          "type": "image",
          "assetId": "2604z8j3r7Co",
          "checksum": "27a3c2fe4e26b45da480da67fd626b5c"
        },
        {
          "type": "image",
          "assetId": "opsUCPuNPfMJ",
          "checksum": "7307b6f7c70215dde879403fd3cd631d"
        },
        {
          "type": "image",
          "assetId": "87PDQqXdulF7",
          "checksum": "8217c0968004e5ccd2d60d2440d70d12"
        },
        {
          "type": "image",
          "assetId": "ahBYm6RZVTG8",
          "checksum": "f0bcca11f74753b14b7d0aed867cbf39"
        },
        {
          "type": "image",
          "assetId": "csRrJ1C_RRkm",
          "checksum": "b9622eb7e0cd3fdccc309d0dbffe6418"
        },
        {
          "type": "image",
          "assetId": "43qFL3QexMiY",
          "checksum": "df40bc04de03d5897e5539eb9abfd920"
        },
        {
          "type": "image",
          "assetId": "x8rtB61Q2Aq-",
          "checksum": "fbff9c02483817767c387acf694d5b6f"
        },
        {
          "type": "image",
          "assetId": "p7zW06WNbDMv",
          "checksum": "a88d37a53afff878b7654102e834775c"
        },
        {
          "type": "image",
          "assetId": "ZTK76a9v58nN",
          "checksum": "42341b246a17f8f3e3b0e94fee188d7e"
        },
        {
          "type": "image",
          "assetId": "sqvIwIbpsqyZ",
          "checksum": "6f87040a7b549ab81363757a358c77da"
        },
        {
          "type": "image",
          "assetId": "ZPlo25mzC-Pb",
          "checksum": "eac0ffadee602c13c15935b15ce94d2f"
        },
        {
          "type": "image",
          "assetId": "l5aH9yeTidsw",
          "checksum": "ed10539d7f9f883d17be433285039984"
        },
        {
          "type": "image",
          "assetId": "xfNugIAQO-m4",
          "checksum": "eb63048bef797e02d7a9bb2616be8470"
        },
        {
          "type": "image",
          "assetId": "Cfwss0EdtIhM",
          "checksum": "4d74af164b86f3f5b32e2bd58dd33023"
        },
        {
          "type": "image",
          "assetId": "3CsAeUq8TJbb",
          "checksum": "3b73fa2f310b1eccb7ba027bc515380f"
        },
        {
          "type": "image",
          "assetId": "B1OYmJuyFtSN",
          "checksum": "eaa6d53343f0f02fdd77d4d3bd0207a4"
        },
        {
          "type": "image",
          "assetId": "HHZCvIeRWGDR",
          "checksum": "6015493ed2b7cd8f2a3f86b2587bed76"
        },
        {
          "type": "image",
          "assetId": "Zn5I3RrkxkTT",
          "checksum": "0ca21cd76df9448ddb19056be3a16dab"
        },
        {
          "type": "image",
          "assetId": "tkfJo6F1mMho",
          "checksum": "8e513976d81cc0eb7b4dd3b4d4b0a733"
        },
        {
          "type": "image",
          "assetId": "TOm58TCNItmW",
          "checksum": "11762eedf17215e36ad4404d81d5e0e1"
        },
        {
          "type": "image",
          "assetId": "WUpmLss0TQym",
          "checksum": "2fd0e260681c9c28b9bcde24fae3334d"
        },
        {
          "type": "image",
          "assetId": "a5C-PgrXiZjC",
          "checksum": "e319f170dcc1572f320b3f35c94b1a36"
        },
        {
          "type": "image",
          "assetId": "XXyXEzCqNYi6",
          "checksum": "503662fc69f9263fe5b39ea02f79857e"
        },
        {
          "type": "image",
          "assetId": "rICrvumjA_HZ",
          "checksum": "58087b69db6d02fb0bc5654d14cc6cae"
        },
        {
          "type": "image",
          "assetId": "14yt2QoA5E3k",
          "checksum": "7517c6d19332ff56924fe56463e1da98"
        }
      ],
      "codegenVersion": "0.0.2"
    }
  ],
  "cliVersion": "0.1.348"
}
